// !$*UTF8*$!
{
	archiveVersion = 1;
	classes = {
	};
	objectVersion = 56;
	objects = {

/* Begin PBXBuildFile section */
		21BA5BC729898CD50022F814 /* Alert++.swift in Sources */ = {isa = PBXBuildFile; fileRef = 21BA5BC629898CD50022F814 /* Alert++.swift */; };
		6DA2061E29883A4F001B137D /* VanishBarApp.swift in Sources */ = {isa = PBXBuildFile; fileRef = 6DA2061D29883A4F001B137D /* VanishBarApp.swift */; };
		6DA2062229883A51001B137D /* Assets.xcassets in Resources */ = {isa = PBXBuildFile; fileRef = 6DA2062129883A51001B137D /* Assets.xcassets */; };
		6DA2062529883A51001B137D /* Preview Assets.xcassets in Resources */ = {isa = PBXBuildFile; fileRef = 6DA2062429883A51001B137D /* Preview Assets.xcassets */; };
		6DA2063229883A6C001B137D /* vm_unaligned_copy_switch_race.c in Sources */ = {isa = PBXBuildFile; fileRef = 6DA2062C29883A6C001B137D /* vm_unaligned_copy_switch_race.c */; };
		6DA2063329883A6C001B137D /* grant_full_disk_access.m in Sources */ = {isa = PBXBuildFile; fileRef = 6DA2062D29883A6C001B137D /* grant_full_disk_access.m */; };
		6DA2063429883A6C001B137D /* helpers.m in Sources */ = {isa = PBXBuildFile; fileRef = 6DA2062E29883A6C001B137D /* helpers.m */; };
		6DA2063829883BC7001B137D /* ApplyView.swift in Sources */ = {isa = PBXBuildFile; fileRef = 6DA2063729883BC7001B137D /* ApplyView.swift */; };
		6DA2063B29883CD0001B137D /* HiderFuncs.swift in Sources */ = {isa = PBXBuildFile; fileRef = 6DA2063A29883CD0001B137D /* HiderFuncs.swift */; };
		6DA2063F29896983001B137D /* statusBarOverrides16 in Resources */ = {isa = PBXBuildFile; fileRef = 6DA2063C29896855001B137D /* statusBarOverrides16 */; };
		6DA206412989769B001B137D /* statusBarOverrides15 in Resources */ = {isa = PBXBuildFile; fileRef = 6DA2064029897694001B137D /* statusBarOverrides15 */; };
		6DA2064429897AB3001B137D /* ButtonStyles.swift in Sources */ = {isa = PBXBuildFile; fileRef = 6DA2064329897AB3001B137D /* ButtonStyles.swift */; };
/* End PBXBuildFile section */

/* Begin PBXFileReference section */
		21BA5BC629898CD50022F814 /* Alert++.swift */ = {isa = PBXFileReference; fileEncoding = 4; lastKnownFileType = sourcecode.swift; path = "Alert++.swift"; sourceTree = "<group>"; };
		21BA5BC92989917A0022F814 /* ResSet16.entitlements */ = {isa = PBXFileReference; lastKnownFileType = text.plist.entitlements; path = ResSet16.entitlements; sourceTree = "<group>"; };
		6DA2061A29883A4F001B137D /* VanishBar.app */ = {isa = PBXFileReference; explicitFileType = wrapper.application; includeInIndex = 0; path = VanishBar.app; sourceTree = BUILT_PRODUCTS_DIR; };
		6DA2061D29883A4F001B137D /* VanishBarApp.swift */ = {isa = PBXFileReference; lastKnownFileType = sourcecode.swift; path = VanishBarApp.swift; sourceTree = "<group>"; };
		6DA2062129883A51001B137D /* Assets.xcassets */ = {isa = PBXFileReference; lastKnownFileType = folder.assetcatalog; path = Assets.xcassets; sourceTree = "<group>"; };
		6DA2062429883A51001B137D /* Preview Assets.xcassets */ = {isa = PBXFileReference; lastKnownFileType = folder.assetcatalog; path = "Preview Assets.xcassets"; sourceTree = "<group>"; };
		6DA2062C29883A6C001B137D /* vm_unaligned_copy_switch_race.c */ = {isa = PBXFileReference; fileEncoding = 4; lastKnownFileType = sourcecode.c.c; path = vm_unaligned_copy_switch_race.c; sourceTree = "<group>"; };
		6DA2062D29883A6C001B137D /* grant_full_disk_access.m */ = {isa = PBXFileReference; fileEncoding = 4; lastKnownFileType = sourcecode.c.objc; path = grant_full_disk_access.m; sourceTree = "<group>"; };
		6DA2062E29883A6C001B137D /* helpers.m */ = {isa = PBXFileReference; fileEncoding = 4; lastKnownFileType = sourcecode.c.objc; path = helpers.m; sourceTree = "<group>"; };
		6DA2062F29883A6C001B137D /* vm_unaligned_copy_switch_race.h */ = {isa = PBXFileReference; fileEncoding = 4; lastKnownFileType = sourcecode.c.h; path = vm_unaligned_copy_switch_race.h; sourceTree = "<group>"; };
		6DA2063029883A6C001B137D /* helpers.h */ = {isa = PBXFileReference; fileEncoding = 4; lastKnownFileType = sourcecode.c.h; path = helpers.h; sourceTree = "<group>"; };
		6DA2063129883A6C001B137D /* grant_full_disk_access.h */ = {isa = PBXFileReference; fileEncoding = 4; lastKnownFileType = sourcecode.c.h; path = grant_full_disk_access.h; sourceTree = "<group>"; };
		6DA2063529883ACF001B137D /* VanishBarHeader.h */ = {isa = PBXFileReference; lastKnownFileType = sourcecode.c.h; path = VanishBarHeader.h; sourceTree = "<group>"; };
		6DA2063729883BC7001B137D /* ApplyView.swift */ = {isa = PBXFileReference; lastKnownFileType = sourcecode.swift; path = ApplyView.swift; sourceTree = "<group>"; };
		6DA2063A29883CD0001B137D /* HiderFuncs.swift */ = {isa = PBXFileReference; lastKnownFileType = sourcecode.swift; path = HiderFuncs.swift; sourceTree = "<group>"; };
		6DA2063C29896855001B137D /* statusBarOverrides16 */ = {isa = PBXFileReference; lastKnownFileType = file; path = statusBarOverrides16; sourceTree = "<group>"; };
		6DA2064029897694001B137D /* statusBarOverrides15 */ = {isa = PBXFileReference; lastKnownFileType = file; path = statusBarOverrides15; sourceTree = "<group>"; };
		6DA2064329897AB3001B137D /* ButtonStyles.swift */ = {isa = PBXFileReference; lastKnownFileType = sourcecode.swift; path = ButtonStyles.swift; sourceTree = "<group>"; };
/* End PBXFileReference section */

/* Begin PBXFrameworksBuildPhase section */
		6DA2061729883A4F001B137D /* Frameworks */ = {
			isa = PBXFrameworksBuildPhase;
			buildActionMask = 2147483647;
			files = (
			);
			runOnlyForDeploymentPostprocessing = 0;
		};
/* End PBXFrameworksBuildPhase section */

/* Begin PBXGroup section */
		21BA5BC829898D830022F814 /* OverwriteFiles */ = {
			isa = PBXGroup;
			children = (
				6DA2064029897694001B137D /* statusBarOverrides15 */,
				6DA2063C29896855001B137D /* statusBarOverrides16 */,
			);
			path = OverwriteFiles;
			sourceTree = "<group>";
		};
		6DA2061129883A4F001B137D = {
			isa = PBXGroup;
			children = (
				21BA5BC92989917A0022F814 /* ResSet16.entitlements */,
				6DA2061B29883A4F001B137D /* Products */,
				6DA2061C29883A4F001B137D /* VanishBar */,
			);
			sourceTree = "<group>";
		};
		6DA2061B29883A4F001B137D /* Products */ = {
			isa = PBXGroup;
			children = (
				6DA2061A29883A4F001B137D /* VanishBar.app */,
			);
			name = Products;
			sourceTree = "<group>";
		};
		6DA2061C29883A4F001B137D /* VanishBar */ = {
			isa = PBXGroup;
			children = (
				6DA2063729883BC7001B137D /* ApplyView.swift */,
				6DA2062129883A51001B137D /* Assets.xcassets */,
				6DA2062B29883A6B001B137D /* Exploit */,
				6DA2064229897AA1001B137D /* Extensions */,
				6DA2063929883CAA001B137D /* Hider */,
				21BA5BC829898D830022F814 /* OverwriteFiles */,
				6DA2062329883A51001B137D /* Preview Content */,
				6DA2061D29883A4F001B137D /* VanishBarApp.swift */,
				6DA2063529883ACF001B137D /* VanishBarHeader.h */,
			);
			path = VanishBar;
			sourceTree = "<group>";
		};
		6DA2062329883A51001B137D /* Preview Content */ = {
			isa = PBXGroup;
			children = (
				6DA2062429883A51001B137D /* Preview Assets.xcassets */,
			);
			path = "Preview Content";
			sourceTree = "<group>";
		};
		6DA2062B29883A6B001B137D /* Exploit */ = {
			isa = PBXGroup;
			children = (
				6DA2063129883A6C001B137D /* grant_full_disk_access.h */,
				6DA2062D29883A6C001B137D /* grant_full_disk_access.m */,
				6DA2063029883A6C001B137D /* helpers.h */,
				6DA2062E29883A6C001B137D /* helpers.m */,
				6DA2062C29883A6C001B137D /* vm_unaligned_copy_switch_race.c */,
				6DA2062F29883A6C001B137D /* vm_unaligned_copy_switch_race.h */,
			);
			path = Exploit;
			sourceTree = "<group>";
		};
		6DA2063929883CAA001B137D /* Hider */ = {
			isa = PBXGroup;
			children = (
				6DA2063A29883CD0001B137D /* HiderFuncs.swift */,
			);
			path = Hider;
			sourceTree = "<group>";
		};
		6DA2064229897AA1001B137D /* Extensions */ = {
			isa = PBXGroup;
			children = (
				6DA2064329897AB3001B137D /* ButtonStyles.swift */,
				21BA5BC629898CD50022F814 /* Alert++.swift */,
			);
			path = Extensions;
			sourceTree = "<group>";
		};
/* End PBXGroup section */

/* Begin PBXNativeTarget section */
		6DA2061929883A4F001B137D /* VanishBar */ = {
			isa = PBXNativeTarget;
			buildConfigurationList = 6DA2062829883A51001B137D /* Build configuration list for PBXNativeTarget "VanishBar" */;
			buildPhases = (
				6DA2061629883A4F001B137D /* Sources */,
				6DA2061729883A4F001B137D /* Frameworks */,
				6DA2061829883A4F001B137D /* Resources */,
			);
			buildRules = (
			);
			dependencies = (
			);
			name = VanishBar;
			productName = VanishBar;
			productReference = 6DA2061A29883A4F001B137D /* VanishBar.app */;
			productType = "com.apple.product-type.application";
		};
/* End PBXNativeTarget section */

/* Begin PBXProject section */
		6DA2061229883A4F001B137D /* Project object */ = {
			isa = PBXProject;
			attributes = {
				BuildIndependentTargetsInParallel = 1;
				LastSwiftUpdateCheck = 1420;
				LastUpgradeCheck = 1420;
				TargetAttributes = {
					6DA2061929883A4F001B137D = {
						CreatedOnToolsVersion = 14.2;
					};
				};
			};
			buildConfigurationList = 6DA2061529883A4F001B137D /* Build configuration list for PBXProject "VanishBar" */;
			compatibilityVersion = "Xcode 14.0";
			developmentRegion = en;
			hasScannedForEncodings = 0;
			knownRegions = (
				en,
				Base,
			);
			mainGroup = 6DA2061129883A4F001B137D;
			productRefGroup = 6DA2061B29883A4F001B137D /* Products */;
			projectDirPath = "";
			projectRoot = "";
			targets = (
				6DA2061929883A4F001B137D /* VanishBar */,
			);
		};
/* End PBXProject section */

/* Begin PBXResourcesBuildPhase section */
		6DA2061829883A4F001B137D /* Resources */ = {
			isa = PBXResourcesBuildPhase;
			buildActionMask = 2147483647;
			files = (
				6DA206412989769B001B137D /* statusBarOverrides15 in Resources */,
				6DA2062529883A51001B137D /* Preview Assets.xcassets in Resources */,
				6DA2062229883A51001B137D /* Assets.xcassets in Resources */,
				6DA2063F29896983001B137D /* statusBarOverrides16 in Resources */,
			);
			runOnlyForDeploymentPostprocessing = 0;
		};
/* End PBXResourcesBuildPhase section */

/* Begin PBXSourcesBuildPhase section */
		6DA2061629883A4F001B137D /* Sources */ = {
			isa = PBXSourcesBuildPhase;
			buildActionMask = 2147483647;
			files = (
				6DA2063829883BC7001B137D /* ApplyView.swift in Sources */,
				6DA2063329883A6C001B137D /* grant_full_disk_access.m in Sources */,
				6DA2063B29883CD0001B137D /* HiderFuncs.swift in Sources */,
				6DA2061E29883A4F001B137D /* VanishBarApp.swift in Sources */,
				6DA2064429897AB3001B137D /* ButtonStyles.swift in Sources */,
				6DA2063229883A6C001B137D /* vm_unaligned_copy_switch_race.c in Sources */,
				21BA5BC729898CD50022F814 /* Alert++.swift in Sources */,
				6DA2063429883A6C001B137D /* helpers.m in Sources */,
			);
			runOnlyForDeploymentPostprocessing = 0;
		};
/* End PBXSourcesBuildPhase section */

/* Begin XCBuildConfiguration section */
		6DA2062629883A51001B137D /* Debug */ = {
			isa = XCBuildConfiguration;
			buildSettings = {
				ALWAYS_SEARCH_USER_PATHS = NO;
				CLANG_ANALYZER_NONNULL = YES;
				CLANG_ANALYZER_NUMBER_OBJECT_CONVERSION = YES_AGGRESSIVE;
				CLANG_CXX_LANGUAGE_STANDARD = "gnu++20";
				CLANG_ENABLE_MODULES = YES;
				CLANG_ENABLE_OBJC_ARC = YES;
				CLANG_ENABLE_OBJC_WEAK = YES;
				CLANG_WARN_BLOCK_CAPTURE_AUTORELEASING = YES;
				CLANG_WARN_BOOL_CONVERSION = YES;
				CLANG_WARN_COMMA = YES;
				CLANG_WARN_CONSTANT_CONVERSION = YES;
				CLANG_WARN_DEPRECATED_OBJC_IMPLEMENTATIONS = YES;
				CLANG_WARN_DIRECT_OBJC_ISA_USAGE = YES_ERROR;
				CLANG_WARN_DOCUMENTATION_COMMENTS = YES;
				CLANG_WARN_EMPTY_BODY = YES;
				CLANG_WARN_ENUM_CONVERSION = YES;
				CLANG_WARN_INFINITE_RECURSION = YES;
				CLANG_WARN_INT_CONVERSION = YES;
				CLANG_WARN_NON_LITERAL_NULL_CONVERSION = YES;
				CLANG_WARN_OBJC_IMPLICIT_RETAIN_SELF = YES;
				CLANG_WARN_OBJC_LITERAL_CONVERSION = YES;
				CLANG_WARN_OBJC_ROOT_CLASS = YES_ERROR;
				CLANG_WARN_QUOTED_INCLUDE_IN_FRAMEWORK_HEADER = YES;
				CLANG_WARN_RANGE_LOOP_ANALYSIS = YES;
				CLANG_WARN_STRICT_PROTOTYPES = YES;
				CLANG_WARN_SUSPICIOUS_MOVE = YES;
				CLANG_WARN_UNGUARDED_AVAILABILITY = YES_AGGRESSIVE;
				CLANG_WARN_UNREACHABLE_CODE = YES;
				CLANG_WARN__DUPLICATE_METHOD_MATCH = YES;
				COPY_PHASE_STRIP = NO;
				DEBUG_INFORMATION_FORMAT = dwarf;
				ENABLE_STRICT_OBJC_MSGSEND = YES;
				ENABLE_TESTABILITY = YES;
				GCC_C_LANGUAGE_STANDARD = gnu11;
				GCC_DYNAMIC_NO_PIC = NO;
				GCC_NO_COMMON_BLOCKS = YES;
				GCC_OPTIMIZATION_LEVEL = 0;
				GCC_PREPROCESSOR_DEFINITIONS = (
					"DEBUG=1",
					"$(inherited)",
				);
				GCC_WARN_64_TO_32_BIT_CONVERSION = YES;
				GCC_WARN_ABOUT_RETURN_TYPE = YES_ERROR;
				GCC_WARN_UNDECLARED_SELECTOR = YES;
				GCC_WARN_UNINITIALIZED_AUTOS = YES_AGGRESSIVE;
				GCC_WARN_UNUSED_FUNCTION = YES;
				GCC_WARN_UNUSED_VARIABLE = YES;
				IPHONEOS_DEPLOYMENT_TARGET = 16.2;
				MTL_ENABLE_DEBUG_INFO = INCLUDE_SOURCE;
				MTL_FAST_MATH = YES;
				ONLY_ACTIVE_ARCH = YES;
				SDKROOT = iphoneos;
				SWIFT_ACTIVE_COMPILATION_CONDITIONS = DEBUG;
				SWIFT_OPTIMIZATION_LEVEL = "-Onone";
			};
			name = Debug;
		};
		6DA2062729883A51001B137D /* Release */ = {
			isa = XCBuildConfiguration;
			buildSettings = {
				ALWAYS_SEARCH_USER_PATHS = NO;
				CLANG_ANALYZER_NONNULL = YES;
				CLANG_ANALYZER_NUMBER_OBJECT_CONVERSION = YES_AGGRESSIVE;
				CLANG_CXX_LANGUAGE_STANDARD = "gnu++20";
				CLANG_ENABLE_MODULES = YES;
				CLANG_ENABLE_OBJC_ARC = YES;
				CLANG_ENABLE_OBJC_WEAK = YES;
				CLANG_WARN_BLOCK_CAPTURE_AUTORELEASING = YES;
				CLANG_WARN_BOOL_CONVERSION = YES;
				CLANG_WARN_COMMA = YES;
				CLANG_WARN_CONSTANT_CONVERSION = YES;
				CLANG_WARN_DEPRECATED_OBJC_IMPLEMENTATIONS = YES;
				CLANG_WARN_DIRECT_OBJC_ISA_USAGE = YES_ERROR;
				CLANG_WARN_DOCUMENTATION_COMMENTS = YES;
				CLANG_WARN_EMPTY_BODY = YES;
				CLANG_WARN_ENUM_CONVERSION = YES;
				CLANG_WARN_INFINITE_RECURSION = YES;
				CLANG_WARN_INT_CONVERSION = YES;
				CLANG_WARN_NON_LITERAL_NULL_CONVERSION = YES;
				CLANG_WARN_OBJC_IMPLICIT_RETAIN_SELF = YES;
				CLANG_WARN_OBJC_LITERAL_CONVERSION = YES;
				CLANG_WARN_OBJC_ROOT_CLASS = YES_ERROR;
				CLANG_WARN_QUOTED_INCLUDE_IN_FRAMEWORK_HEADER = YES;
				CLANG_WARN_RANGE_LOOP_ANALYSIS = YES;
				CLANG_WARN_STRICT_PROTOTYPES = YES;
				CLANG_WARN_SUSPICIOUS_MOVE = YES;
				CLANG_WARN_UNGUARDED_AVAILABILITY = YES_AGGRESSIVE;
				CLANG_WARN_UNREACHABLE_CODE = YES;
				CLANG_WARN__DUPLICATE_METHOD_MATCH = YES;
				COPY_PHASE_STRIP = NO;
				DEBUG_INFORMATION_FORMAT = "dwarf-with-dsym";
				ENABLE_NS_ASSERTIONS = NO;
				ENABLE_STRICT_OBJC_MSGSEND = YES;
				GCC_C_LANGUAGE_STANDARD = gnu11;
				GCC_NO_COMMON_BLOCKS = YES;
				GCC_WARN_64_TO_32_BIT_CONVERSION = YES;
				GCC_WARN_ABOUT_RETURN_TYPE = YES_ERROR;
				GCC_WARN_UNDECLARED_SELECTOR = YES;
				GCC_WARN_UNINITIALIZED_AUTOS = YES_AGGRESSIVE;
				GCC_WARN_UNUSED_FUNCTION = YES;
				GCC_WARN_UNUSED_VARIABLE = YES;
				IPHONEOS_DEPLOYMENT_TARGET = 16.2;
				MTL_ENABLE_DEBUG_INFO = NO;
				MTL_FAST_MATH = YES;
				SDKROOT = iphoneos;
				SWIFT_COMPILATION_MODE = wholemodule;
				SWIFT_OPTIMIZATION_LEVEL = "-O";
				VALIDATE_PRODUCT = YES;
			};
			name = Release;
		};
		6DA2062929883A51001B137D /* Debug */ = {
			isa = XCBuildConfiguration;
			buildSettings = {
				ASSETCATALOG_COMPILER_APPICON_NAME = AppIcon;
				ASSETCATALOG_COMPILER_GLOBAL_ACCENT_COLOR_NAME = AccentColor;
				CODE_SIGN_STYLE = Automatic;
				CURRENT_PROJECT_VERSION = 1;
				DEVELOPMENT_ASSET_PATHS = "\"VanishBar/Preview Content\"";
				DEVELOPMENT_TEAM = 92S6JX27W2;
				ENABLE_PREVIEWS = YES;
				GENERATE_INFOPLIST_FILE = YES;
				INFOPLIST_KEY_LSApplicationCategoryType = "public.app-category.utilities";
				INFOPLIST_KEY_NSAppleMusicUsageDescription = "Click \"Allow\" so the Status Bar can be hidden.";
				INFOPLIST_KEY_UIApplicationSceneManifest_Generation = YES;
				INFOPLIST_KEY_UIApplicationSupportsIndirectInputEvents = YES;
				INFOPLIST_KEY_UILaunchScreen_Generation = YES;
				INFOPLIST_KEY_UISupportedInterfaceOrientations = UIInterfaceOrientationPortrait;
				INFOPLIST_KEY_UISupportedInterfaceOrientations_iPad = "UIInterfaceOrientationLandscapeLeft UIInterfaceOrientationLandscapeRight UIInterfaceOrientationPortrait UIInterfaceOrientationPortraitUpsideDown";
				IPHONEOS_DEPLOYMENT_TARGET = 15.0;
				LD_RUNPATH_SEARCH_PATHS = (
					"$(inherited)",
					"@executable_path/Frameworks",
				);
				MARKETING_VERSION = 1.1;
				PRODUCT_BUNDLE_IDENTIFIER = org.haxi0.VanishBar;
				PRODUCT_NAME = "$(TARGET_NAME)";
				SUPPORTED_PLATFORMS = "iphoneos iphonesimulator";
				SUPPORTS_MACCATALYST = NO;
				SUPPORTS_MAC_DESIGNED_FOR_IPHONE_IPAD = NO;
				SWIFT_EMIT_LOC_STRINGS = YES;
				SWIFT_OBJC_BRIDGING_HEADER = VanishBar/VanishBarHeader.h;
				SWIFT_VERSION = 5.0;
				TARGETED_DEVICE_FAMILY = "1,2";
			};
			name = Debug;
		};
		6DA2062A29883A51001B137D /* Release */ = {
			isa = XCBuildConfiguration;
			buildSettings = {
				ASSETCATALOG_COMPILER_APPICON_NAME = AppIcon;
				ASSETCATALOG_COMPILER_GLOBAL_ACCENT_COLOR_NAME = AccentColor;
				CODE_SIGN_STYLE = Automatic;
				CURRENT_PROJECT_VERSION = 1;
				DEVELOPMENT_ASSET_PATHS = "\"VanishBar/Preview Content\"";
				DEVELOPMENT_TEAM = 92S6JX27W2;
				ENABLE_PREVIEWS = YES;
				GENERATE_INFOPLIST_FILE = YES;
				INFOPLIST_KEY_LSApplicationCategoryType = "public.app-category.utilities";
				INFOPLIST_KEY_NSAppleMusicUsageDescription = "Click \"Allow\" so the Status Bar can be hidden.";
				INFOPLIST_KEY_UIApplicationSceneManifest_Generation = YES;
				INFOPLIST_KEY_UIApplicationSupportsIndirectInputEvents = YES;
				INFOPLIST_KEY_UILaunchScreen_Generation = YES;
				INFOPLIST_KEY_UISupportedInterfaceOrientations = UIInterfaceOrientationPortrait;
				INFOPLIST_KEY_UISupportedInterfaceOrientations_iPad = "UIInterfaceOrientationLandscapeLeft UIInterfaceOrientationLandscapeRight UIInterfaceOrientationPortrait UIInterfaceOrientationPortraitUpsideDown";
				IPHONEOS_DEPLOYMENT_TARGET = 15.0;
				LD_RUNPATH_SEARCH_PATHS = (
					"$(inherited)",
					"@executable_path/Frameworks",
				);
				MARKETING_VERSION = 1.1;
				PRODUCT_BUNDLE_IDENTIFIER = org.haxi0.VanishBar;
				PRODUCT_NAME = "$(TARGET_NAME)";
				SUPPORTED_PLATFORMS = "iphoneos iphonesimulator";
				SUPPORTS_MACCATALYST = NO;
				SUPPORTS_MAC_DESIGNED_FOR_IPHONE_IPAD = NO;
				SWIFT_EMIT_LOC_STRINGS = YES;
				SWIFT_OBJC_BRIDGING_HEADER = VanishBar/VanishBarHeader.h;
				SWIFT_VERSION = 5.0;
				TARGETED_DEVICE_FAMILY = "1,2";
			};
			name = Release;
		};
/* End XCBuildConfiguration section */

/* Begin XCConfigurationList section */
		6DA2061529883A4F001B137D /* Build configuration list for PBXProject "VanishBar" */ = {
			isa = XCConfigurationList;
			buildConfigurations = (
				6DA2062629883A51001B137D /* Debug */,
				6DA2062729883A51001B137D /* Release */,
			);
			defaultConfigurationIsVisible = 0;
			defaultConfigurationName = Release;
		};
		6DA2062829883A51001B137D /* Build configuration list for PBXNativeTarget "VanishBar" */ = {
			isa = XCConfigurationList;
			buildConfigurations = (
				6DA2062929883A51001B137D /* Debug */,
				6DA2062A29883A51001B137D /* Release */,
			);
			defaultConfigurationIsVisible = 0;
			defaultConfigurationName = Release;
		};
/* End XCConfigurationList section */
	};
	rootObject = 6DA2061229883A4F001B137D /* Project object */;
}
